Microsoft Visual Studio Solution File, Format Version 12.00
# Visual Studio Version 17
VisualStudioVersion = 17.0.31423.177
MinimumVisualStudioVersion = 10.0.40219.1
Project("{2150E333-8FDC-42A3-9474-1A3956D46DE8}") = "src", "src", "{419A6ACE-0419-4315-A6FB-B0E63D39432E}"
EndProject
Project("{9A19103F-16F7-4668-BE54-9A1E7A4F7556}") = "Infrastructure", "src\Infrastructure\Infrastructure.csproj", "{7C461394-ABDC-43CD-A798-71249C58BA67}"
EndProject
Project("{9A19103F-16F7-4668-BE54-9A1E7A4F7556}") = "ApplicationCore", "src\ApplicationCore\ApplicationCore.csproj", "{7FED7440-2311-4D1E-958B-3E887C585CD2}"
EndProject
Project("{2150E333-8FDC-42A3-9474-1A3956D46DE8}") = "tests", "tests", "{15EA4737-125B-4E6E-A806-E13B7EBCDCCF}"
EndProject
Project("{2150E333-8FDC-42A3-9474-1A3956D46DE8}") = "Solution Items", "Solution Items", "{0BD72BEA-EF42-4B72-8B69-12A39EC76FBA}"
	ProjectSection(SolutionItems) = preProject
		docker-compose.override.yml = docker-compose.override.yml
		docker-compose.yml = docker-compose.yml
		.github\workflows\dotnetcore.yml = .github\workflows\dotnetcore.yml
		README.md = README.md
	EndProjectSection
EndProject
Project("{9A19103F-16F7-4668-BE54-9A1E7A4F7556}") = "PublicApi", "src\PublicApi\PublicApi.csproj", "{B5E4F33C-4667-4A55-AF6A-740F84C4CF3A}"
EndProject
Project("{9A19103F-16F7-4668-BE54-9A1E7A4F7556}") = "Generator", "src\Inventura.Generator\Generator.csproj", "{20EE60B3-3EE1-4303-B1E5-1C45F59981B7}"
EndProject
Project("{9A19103F-16F7-4668-BE54-9A1E7A4F7556}") = "FunctionalTests", "tests\FunctionalTests\FunctionalTests.csproj", "{CDF5C585-2D2A-40F9-92E6-E8ACFCC73B57}"
EndProject
Project("{9A19103F-16F7-4668-BE54-9A1E7A4F7556}") = "IdentityServerAspNetIdentity", "src\IdentityServerAspNetIdentity\IdentityServerAspNetIdentity.csproj", "{BB5C3CE2-EDB6-4B6D-9685-DD16C1F4936D}"
EndProject
Project("{FAE04EC0-301F-11D3-BF4B-00C04F79EFBC}") = "WinUI", "src\WinUI\WinUI.csproj", "{B1E1945D-EE1E-4E2B-A6BF-C51163E9CA2B}"
EndProject
Global
	GlobalSection(SolutionConfigurationPlatforms) = preSolution
		Debug|Any CPU = Debug|Any CPU
		Debug|x64 = Debug|x64
		Debug|x86 = Debug|x86
		Release|Any CPU = Release|Any CPU
		Release|x64 = Release|x64
		Release|x86 = Release|x86
	EndGlobalSection
	GlobalSection(ProjectConfigurationPlatforms) = postSolution
		{7C461394-ABDC-43CD-A798-71249C58BA67}.Debug|Any CPU.ActiveCfg = Debug|Any CPU
		{7C461394-ABDC-43CD-A798-71249C58BA67}.Debug|Any CPU.Build.0 = Debug|Any CPU
		{7C461394-ABDC-43CD-A798-71249C58BA67}.Debug|x64.ActiveCfg = Debug|Any CPU
		{7C461394-ABDC-43CD-A798-71249C58BA67}.Debug|x64.Build.0 = Debug|Any CPU
		{7C461394-ABDC-43CD-A798-71249C58BA67}.Debug|x86.ActiveCfg = Debug|Any CPU
		{7C461394-ABDC-43CD-A798-71249C58BA67}.Debug|x86.Build.0 = Debug|Any CPU
		{7C461394-ABDC-43CD-A798-71249C58BA67}.Release|Any CPU.ActiveCfg = Release|Any CPU
		{7C461394-ABDC-43CD-A798-71249C58BA67}.Release|Any CPU.Build.0 = Release|Any CPU
		{7C461394-ABDC-43CD-A798-71249C58BA67}.Release|x64.ActiveCfg = Release|Any CPU
		{7C461394-ABDC-43CD-A798-71249C58BA67}.Release|x64.Build.0 = Release|Any CPU
		{7C461394-ABDC-43CD-A798-71249C58BA67}.Release|x86.ActiveCfg = Release|Any CPU
		{7C461394-ABDC-43CD-A798-71249C58BA67}.Release|x86.Build.0 = Release|Any CPU
		{7FED7440-2311-4D1E-958B-3E887C585CD2}.Debug|Any CPU.ActiveCfg = Debug|Any CPU
		{7FED7440-2311-4D1E-958B-3E887C585CD2}.Debug|Any CPU.Build.0 = Debug|Any CPU
		{7FED7440-2311-4D1E-958B-3E887C585CD2}.Debug|x64.ActiveCfg = Debug|Any CPU
		{7FED7440-2311-4D1E-958B-3E887C585CD2}.Debug|x64.Build.0 = Debug|Any CPU
		{7FED7440-2311-4D1E-958B-3E887C585CD2}.Debug|x86.ActiveCfg = Debug|Any CPU
		{7FED7440-2311-4D1E-958B-3E887C585CD2}.Debug|x86.Build.0 = Debug|Any CPU
		{7FED7440-2311-4D1E-958B-3E887C585CD2}.Release|Any CPU.ActiveCfg = Release|Any CPU
		{7FED7440-2311-4D1E-958B-3E887C585CD2}.Release|Any CPU.Build.0 = Release|Any CPU
		{7FED7440-2311-4D1E-958B-3E887C585CD2}.Release|x64.ActiveCfg = Release|Any CPU
		{7FED7440-2311-4D1E-958B-3E887C585CD2}.Release|x64.Build.0 = Release|Any CPU
		{7FED7440-2311-4D1E-958B-3E887C585CD2}.Release|x86.ActiveCfg = Release|Any CPU
		{7FED7440-2311-4D1E-958B-3E887C585CD2}.Release|x86.Build.0 = Release|Any CPU
		{B5E4F33C-4667-4A55-AF6A-740F84C4CF3A}.Debug|Any CPU.ActiveCfg = Debug|Any CPU
		{B5E4F33C-4667-4A55-AF6A-740F84C4CF3A}.Debug|Any CPU.Build.0 = Debug|Any CPU
		{B5E4F33C-4667-4A55-AF6A-740F84C4CF3A}.Debug|x64.ActiveCfg = Debug|Any CPU
		{B5E4F33C-4667-4A55-AF6A-740F84C4CF3A}.Debug|x64.Build.0 = Debug|Any CPU
		{B5E4F33C-4667-4A55-AF6A-740F84C4CF3A}.Debug|x86.ActiveCfg = Debug|Any CPU
		{B5E4F33C-4667-4A55-AF6A-740F84C4CF3A}.Debug|x86.Build.0 = Debug|Any CPU
		{B5E4F33C-4667-4A55-AF6A-740F84C4CF3A}.Release|Any CPU.ActiveCfg = Release|Any CPU
		{B5E4F33C-4667-4A55-AF6A-740F84C4CF3A}.Release|Any CPU.Build.0 = Release|Any CPU
		{B5E4F33C-4667-4A55-AF6A-740F84C4CF3A}.Release|x64.ActiveCfg = Release|Any CPU
		{B5E4F33C-4667-4A55-AF6A-740F84C4CF3A}.Release|x64.Build.0 = Release|Any CPU
		{B5E4F33C-4667-4A55-AF6A-740F84C4CF3A}.Release|x86.ActiveCfg = Release|Any CPU
		{B5E4F33C-4667-4A55-AF6A-740F84C4CF3A}.Release|x86.Build.0 = Release|Any CPU
		{20EE60B3-3EE1-4303-B1E5-1C45F59981B7}.Debug|Any CPU.ActiveCfg = Debug|Any CPU
		{20EE60B3-3EE1-4303-B1E5-1C45F59981B7}.Debug|Any CPU.Build.0 = Debug|Any CPU
		{20EE60B3-3EE1-4303-B1E5-1C45F59981B7}.Debug|x64.ActiveCfg = Debug|Any CPU
		{20EE60B3-3EE1-4303-B1E5-1C45F59981B7}.Debug|x64.Build.0 = Debug|Any CPU
		{20EE60B3-3EE1-4303-B1E5-1C45F59981B7}.Debug|x86.ActiveCfg = Debug|Any CPU
		{20EE60B3-3EE1-4303-B1E5-1C45F59981B7}.Debug|x86.Build.0 = Debug|Any CPU
		{20EE60B3-3EE1-4303-B1E5-1C45F59981B7}.Release|Any CPU.ActiveCfg = Release|Any CPU
		{20EE60B3-3EE1-4303-B1E5-1C45F59981B7}.Release|Any CPU.Build.0 = Release|Any CPU
		{20EE60B3-3EE1-4303-B1E5-1C45F59981B7}.Release|x64.ActiveCfg = Release|Any CPU
		{20EE60B3-3EE1-4303-B1E5-1C45F59981B7}.Release|x64.Build.0 = Release|Any CPU
		{20EE60B3-3EE1-4303-B1E5-1C45F59981B7}.Release|x86.ActiveCfg = Release|Any CPU
		{20EE60B3-3EE1-4303-B1E5-1C45F59981B7}.Release|x86.Build.0 = Release|Any CPU
		{CDF5C585-2D2A-40F9-92E6-E8ACFCC73B57}.Debug|Any CPU.ActiveCfg = Debug|Any CPU
		{CDF5C585-2D2A-40F9-92E6-E8ACFCC73B57}.Debug|Any CPU.Build.0 = Debug|Any CPU
		{CDF5C585-2D2A-40F9-92E6-E8ACFCC73B57}.Debug|x64.ActiveCfg = Debug|Any CPU
		{CDF5C585-2D2A-40F9-92E6-E8ACFCC73B57}.Debug|x64.Build.0 = Debug|Any CPU
		{CDF5C585-2D2A-40F9-92E6-E8ACFCC73B57}.Debug|x86.ActiveCfg = Debug|Any CPU
		{CDF5C585-2D2A-40F9-92E6-E8ACFCC73B57}.Debug|x86.Build.0 = Debug|Any CPU
		{CDF5C585-2D2A-40F9-92E6-E8ACFCC73B57}.Release|Any CPU.ActiveCfg = Release|Any CPU
		{CDF5C585-2D2A-40F9-92E6-E8ACFCC73B57}.Release|Any CPU.Build.0 = Release|Any CPU
		{CDF5C585-2D2A-40F9-92E6-E8ACFCC73B57}.Release|x64.ActiveCfg = Release|Any CPU
		{CDF5C585-2D2A-40F9-92E6-E8ACFCC73B57}.Release|x64.Build.0 = Release|Any CPU
		{CDF5C585-2D2A-40F9-92E6-E8ACFCC73B57}.Release|x86.ActiveCfg = Release|Any CPU
		{CDF5C585-2D2A-40F9-92E6-E8ACFCC73B57}.Release|x86.Build.0 = Release|Any CPU
		{BB5C3CE2-EDB6-4B6D-9685-DD16C1F4936D}.Debug|Any CPU.ActiveCfg = Debug|Any CPU
		{BB5C3CE2-EDB6-4B6D-9685-DD16C1F4936D}.Debug|Any CPU.Build.0 = Debug|Any CPU
		{BB5C3CE2-EDB6-4B6D-9685-DD16C1F4936D}.Debug|x64.ActiveCfg = Debug|Any CPU
		{BB5C3CE2-EDB6-4B6D-9685-DD16C1F4936D}.Debug|x64.Build.0 = Debug|Any CPU
		{BB5C3CE2-EDB6-4B6D-9685-DD16C1F4936D}.Debug|x86.ActiveCfg = Debug|Any CPU
		{BB5C3CE2-EDB6-4B6D-9685-DD16C1F4936D}.Debug|x86.Build.0 = Debug|Any CPU
		{BB5C3CE2-EDB6-4B6D-9685-DD16C1F4936D}.Release|Any CPU.ActiveCfg = Release|Any CPU
		{BB5C3CE2-EDB6-4B6D-9685-DD16C1F4936D}.Release|Any CPU.Build.0 = Release|Any CPU
		{BB5C3CE2-EDB6-4B6D-9685-DD16C1F4936D}.Release|x64.ActiveCfg = Release|Any CPU
		{BB5C3CE2-EDB6-4B6D-9685-DD16C1F4936D}.Release|x64.Build.0 = Release|Any CPU
		{BB5C3CE2-EDB6-4B6D-9685-DD16C1F4936D}.Release|x86.ActiveCfg = Release|Any CPU
		{BB5C3CE2-EDB6-4B6D-9685-DD16C1F4936D}.Release|x86.Build.0 = Release|Any CPU
		{B1E1945D-EE1E-4E2B-A6BF-C51163E9CA2B}.Debug|Any CPU.ActiveCfg = Debug|Any CPU
		{B1E1945D-EE1E-4E2B-A6BF-C51163E9CA2B}.Debug|Any CPU.Build.0 = Debug|Any CPU
		{B1E1945D-EE1E-4E2B-A6BF-C51163E9CA2B}.Debug|x64.ActiveCfg = Debug|Any CPU
		{B1E1945D-EE1E-4E2B-A6BF-C51163E9CA2B}.Debug|x64.Build.0 = Debug|Any CPU
		{B1E1945D-EE1E-4E2B-A6BF-C51163E9CA2B}.Debug|x86.ActiveCfg = Debug|Any CPU
		{B1E1945D-EE1E-4E2B-A6BF-C51163E9CA2B}.Debug|x86.Build.0 = Debug|Any CPU
		{B1E1945D-EE1E-4E2B-A6BF-C51163E9CA2B}.Release|Any CPU.ActiveCfg = Release|Any CPU
		{B1E1945D-EE1E-4E2B-A6BF-C51163E9CA2B}.Release|Any CPU.Build.0 = Release|Any CPU
		{B1E1945D-EE1E-4E2B-A6BF-C51163E9CA2B}.Release|x64.ActiveCfg = Release|Any CPU
		{B1E1945D-EE1E-4E2B-A6BF-C51163E9CA2B}.Release|x64.Build.0 = Release|Any CPU
		{B1E1945D-EE1E-4E2B-A6BF-C51163E9CA2B}.Release|x86.ActiveCfg = Release|Any CPU
		{B1E1945D-EE1E-4E2B-A6BF-C51163E9CA2B}.Release|x86.Build.0 = Release|Any CPU
	EndGlobalSection
	GlobalSection(SolutionProperties) = preSolution
		HideSolutionNode = FALSE
	EndGlobalSection
	GlobalSection(NestedProjects) = preSolution
		{7C461394-ABDC-43CD-A798-71249C58BA67} = {419A6ACE-0419-4315-A6FB-B0E63D39432E}
		{7FED7440-2311-4D1E-958B-3E887C585CD2} = {419A6ACE-0419-4315-A6FB-B0E63D39432E}
		{B5E4F33C-4667-4A55-AF6A-740F84C4CF3A} = {419A6ACE-0419-4315-A6FB-B0E63D39432E}
		{20EE60B3-3EE1-4303-B1E5-1C45F59981B7} = {419A6ACE-0419-4315-A6FB-B0E63D39432E}
		{CDF5C585-2D2A-40F9-92E6-E8ACFCC73B57} = {15EA4737-125B-4E6E-A806-E13B7EBCDCCF}
		{BB5C3CE2-EDB6-4B6D-9685-DD16C1F4936D} = {419A6ACE-0419-4315-A6FB-B0E63D39432E}
		{B1E1945D-EE1E-4E2B-A6BF-C51163E9CA2B} = {419A6ACE-0419-4315-A6FB-B0E63D39432E}
	EndGlobalSection
	GlobalSection(ExtensibilityGlobals) = postSolution
		SolutionGuid = {49813262-5DA3-4D61-ABD3-493C74CE8C2B}
	EndGlobalSection
EndGlobal
